
Microsoft Visual Studio Solution File, Format Version 12.00
# Visual Studio Version 17
VisualStudioVersion = 17.6.33712.159
MinimumVisualStudioVersion = 10.0.40219.1
Project("{8BC9CEB8-8B4A-11D0-8D11-00A0C91BC942}") = "aimbot", "aimbot.vcxproj", "{2342205F-AEEC-4806-8803-239EF990BC78}"
EndProject
Global
	GlobalSection(SolutionConfigurationPlatforms) = preSolution
		Debug|x64 = Debug|x64
		Debug|x86 = Debug|x86
		Release|x64 = Release|x64
		Release|x86 = Release|x86
	EndGlobalSection
	GlobalSection(ProjectConfigurationPlatforms) = postSolution
		{2342205F-AEEC-4806-8803-239EF990BC78}.Debug|x64.ActiveCfg = Debug|x64
		{2342205F-AEEC-4806-8803-239EF990BC78}.Debug|x64.Build.0 = Debug|x64
		{2342205F-AEEC-4806-8803-239EF990BC78}.Debug|x86.ActiveCfg = Debug|Win32
		{2342205F-AEEC-4806-8803-239EF990BC78}.Debug|x86.Build.0 = Debug|Win32
		{2342205F-AEEC-4806-8803-239EF990BC78}.Release|x64.ActiveCfg = Release|x64
		{2342205F-AEEC-4806-8803-239EF990BC78}.Release|x64.Build.0 = Release|x64
		{2342205F-AEEC-4806-8803-239EF990BC78}.Release|x86.ActiveCfg = Release|Win32
		{2342205F-AEEC-4806-8803-239EF990BC78}.Release|x86.Build.0 = Release|Win32
	EndGlobalSection
	GlobalSection(SolutionProperties) = preSolution
		HideSolutionNode = FALSE
	EndGlobalSection
	GlobalSection(ExtensibilityGlobals) = postSolution
		SolutionGuid = {B8982C4C-557F-4A89-BE14-3120B4A3DE63}
	EndGlobalSection
EndGlobal
